
Microsoft Visual Studio Solution File, Format Version 12.00
# Visual Studio Version 17
VisualStudioVersion = 17.6.33815.320
MinimumVisualStudioVersion = 10.0.40219.1
Project("{9A19103F-16F7-4668-BE54-9A1E7A4F7556}") = "web-scraping", "web-scraping.csproj", "{02DBF95E-3004-4F31-A578-8A8440A039DC}"
EndProject
Global
	GlobalSection(SolutionConfigurationPlatforms) = preSolution
		Debug|Any CPU = Debug|Any CPU
		Release|Any CPU = Release|Any CPU
	EndGlobalSection
	GlobalSection(ProjectConfigurationPlatforms) = postSolution
		{02DBF95E-3004-4F31-A578-8A8440A039DC}.Debug|Any CPU.ActiveCfg = Debug|Any CPU
		{02DBF95E-3004-4F31-A578-8A8440A039DC}.Debug|Any CPU.Build.0 = Debug|Any CPU
		{02DBF95E-3004-4F31-A578-8A8440A039DC}.Release|Any CPU.ActiveCfg = Release|Any CPU
		{02DBF95E-3004-4F31-A578-8A8440A039DC}.Release|Any CPU.Build.0 = Release|Any CPU
	EndGlobalSection
	GlobalSection(SolutionProperties) = preSolution
		HideSolutionNode = FALSE
	EndGlobalSection
	GlobalSection(ExtensibilityGlobals) = postSolution
		SolutionGuid = {C9244A4A-349C-4401-8602-15FEE37FE69C}
	EndGlobalSection
EndGlobal
